<?xml version="1.0" encoding="utf-8"?>
<Project ToolsVersion="4.0" xmlns="http://schemas.microsoft.com/developer/msbuild/2003">
  <ItemGroup>
    <Filter Include="源文件">
      <UniqueIdentifier>{4FC737F1-C7A5-4376-A066-2A32D752A2FF}</UniqueIdentifier>
      <Extensions>cpp;c;cc;cxx;def;odl;idl;hpj;bat;asm;asmx</Extensions>
    </Filter>
    <Filter Include="头文件">
      <UniqueIdentifier>{93995380-89BD-4b04-88EB-625FBE52EBFB}</UniqueIdentifier>
      <Extensions>h;hpp;hxx;hm;inl;inc;xsd</Extensions>
    </Filter>
    <Filter Include="资源文件">
      <UniqueIdentifier>{67DA6AB6-F800-4c08-8B7A-83BB121AAD01}</UniqueIdentifier>
      <Extensions>rc;ico;cur;bmp;dlg;rc2;rct;bin;rgs;gif;jpg;jpeg;jpe;resx;tiff;tif;png;wav;mfcribbon-ms</Extensions>
    </Filter>
    <Filter Include="头文件\platform">
      <UniqueIdentifier>{5165e49f-5f32-48f3-8bd9-e23df1b9123e}</UniqueIdentifier>
    </Filter>
    <Filter Include="源文件\rmi">
      <UniqueIdentifier>{a631e8e6-79b8-46a9-888e-bf7a9141456d}</UniqueIdentifier>
    </Filter>
    <Filter Include="头文件\rmi">
      <UniqueIdentifier>{967723dd-1cc8-4612-82af-83a35143a8b1}</UniqueIdentifier>
    </Filter>
    <Filter Include="源文件\logic">
      <UniqueIdentifier>{17fc964e-26bb-42df-9fcb-7e8af201df89}</UniqueIdentifier>
    </Filter>
    <Filter Include="头文件\proto">
      <UniqueIdentifier>{6f23ac32-6842-46ee-93ce-9d0a06de8c26}</UniqueIdentifier>
    </Filter>
    <Filter Include="头文件\event">
      <UniqueIdentifier>{16a4ad70-c9de-4fb0-810b-7797eb1e3a73}</UniqueIdentifier>
    </Filter>
    <Filter Include="头文件\queue">
      <UniqueIdentifier>{2c752571-851b-466f-bee1-3ff42de065f7}</UniqueIdentifier>
    </Filter>
    <Filter Include="头文件\net">
      <UniqueIdentifier>{d864db9a-01ad-45fd-8285-be92b6c10310}</UniqueIdentifier>
    </Filter>
  </ItemGroup>
  <ItemGroup>
    <None Include="ReadMe.txt" />
    <None Include="protocol\my\event.proto">
      <Filter>头文件\proto</Filter>
    </None>
  </ItemGroup>
  <ItemGroup>
    <ClInclude Include="stdafx.h">
      <Filter>头文件</Filter>
    </ClInclude>
    <ClInclude Include="targetver.h">
      <Filter>头文件</Filter>
    </ClInclude>
    <ClInclude Include="platform\auto_ptr.hpp">
      <Filter>头文件\platform</Filter>
    </ClInclude>
    <ClInclude Include="platform\_platform_def.h">
      <Filter>头文件\platform</Filter>
    </ClInclude>
    <ClInclude Include="rmi\bd_list.h">
      <Filter>头文件\rmi</Filter>
    </ClInclude>
    <ClInclude Include="rmi\task.h">
      <Filter>头文件\rmi</Filter>
    </ClInclude>
    <ClInclude Include="rmi\taurus.h">
      <Filter>头文件\rmi</Filter>
    </ClInclude>
    <ClInclude Include="rmi\taurus_imp.h">
      <Filter>头文件\rmi</Filter>
    </ClInclude>
    <ClInclude Include="platform\ByteStream.h">
      <Filter>头文件\platform</Filter>
    </ClInclude>
    <ClInclude Include="platform\closure.h">
      <Filter>头文件\platform</Filter>
    </ClInclude>
    <ClInclude Include="rmi\rmi.h">
      <Filter>头文件\rmi</Filter>
    </ClInclude>
    <ClInclude Include="logic\IplayerInterface.h">
      <Filter>源文件\logic</Filter>
    </ClInclude>
    <ClInclude Include="logic\player.h">
      <Filter>源文件\logic</Filter>
    </ClInclude>
    <ClInclude Include="platform\random_util.h">
      <Filter>头文件\platform</Filter>
    </ClInclude>
    <ClInclude Include="logic\char_mng.h">
      <Filter>源文件\logic</Filter>
    </ClInclude>
    <ClInclude Include="platform\timer_manager.h">
      <Filter>头文件\platform</Filter>
    </ClInclude>
    <ClInclude Include="platform\time_util.h">
      <Filter>头文件\platform</Filter>
    </ClInclude>
    <ClInclude Include="rmi\process.h">
      <Filter>头文件\rmi</Filter>
    </ClInclude>
    <ClInclude Include="event\event.pb.h">
      <Filter>头文件\event</Filter>
    </ClInclude>
    <ClInclude Include="queue\kfifol.h">
      <Filter>头文件\queue</Filter>
    </ClInclude>
    <ClInclude Include="platform\singleton.h">
      <Filter>头文件\platform</Filter>
    </ClInclude>
  </ItemGroup>
  <ItemGroup>
    <ClCompile Include="stdafx.cpp">
      <Filter>源文件</Filter>
    </ClCompile>
    <ClCompile Include="syyserver.cpp">
      <Filter>源文件</Filter>
    </ClCompile>
    <ClCompile Include="rmi\task.cpp">
      <Filter>源文件\rmi</Filter>
    </ClCompile>
    <ClCompile Include="rmi\taurus_imp.cpp">
      <Filter>源文件\rmi</Filter>
    </ClCompile>
    <ClCompile Include="logic\player.cpp">
      <Filter>源文件\logic</Filter>
    </ClCompile>
    <ClCompile Include="logic\char_mng.cpp">
      <Filter>源文件\logic</Filter>
    </ClCompile>
    <ClCompile Include="event\event.pb.cc">
      <Filter>头文件\event</Filter>
    </ClCompile>
    <ClCompile Include="queue\kfifol.cpp">
      <Filter>头文件\queue</Filter>
    </ClCompile>
  </ItemGroup>
</Project>